<Solution>
  <Project Path="xeon.jp.x_debugger.tests.csproj" />
  <Project Path="xeon.jp.x_debugger.csproj" />
  <Project Path="xeon.jp.xgraphs.csproj" />
  <Project Path="xeon.jp.x_debugger.editor.csproj" />
  <Project Path="xeon.jp.flyweight_scrollview.runtime.csproj" />
  <Project Path="xeon.jp.xgraphs.editor.csproj" />
</Solution>
